
Microsoft Visual Studio Solution File, Format Version 12.00
# Visual Studio 15
VisualStudioVersion = 15.0.28307.1062
MinimumVisualStudioVersion = 10.0.40219.1
Project("{FAE04EC0-301F-11D3-BF4B-00C04F79EFBC}") = "Practice.Web", "Practice.Web\Practice.Web.csproj", "{EA6F2076-0794-4051-B6D2-FE8A1889E038}"
EndProject
Project("{FAE04EC0-301F-11D3-BF4B-00C04F79EFBC}") = "Practice.Web.Tests", "Practice.Web.Tests\Practice.Web.Tests.csproj", "{625BA5AA-B484-46F2-B927-8E1E26354F8C}"
EndProject
Global
	GlobalSection(SolutionConfigurationPlatforms) = preSolution
		Debug|Any CPU = Debug|Any CPU
		Release|Any CPU = Release|Any CPU
	EndGlobalSection
	GlobalSection(ProjectConfigurationPlatforms) = postSolution
		{EA6F2076-0794-4051-B6D2-FE8A1889E038}.Debug|Any CPU.ActiveCfg = Debug|Any CPU
		{EA6F2076-0794-4051-B6D2-FE8A1889E038}.Debug|Any CPU.Build.0 = Debug|Any CPU
		{EA6F2076-0794-4051-B6D2-FE8A1889E038}.Release|Any CPU.ActiveCfg = Release|Any CPU
		{EA6F2076-0794-4051-B6D2-FE8A1889E038}.Release|Any CPU.Build.0 = Release|Any CPU
		{625BA5AA-B484-46F2-B927-8E1E26354F8C}.Debug|Any CPU.ActiveCfg = Debug|Any CPU
		{625BA5AA-B484-46F2-B927-8E1E26354F8C}.Debug|Any CPU.Build.0 = Debug|Any CPU
		{625BA5AA-B484-46F2-B927-8E1E26354F8C}.Release|Any CPU.ActiveCfg = Release|Any CPU
		{625BA5AA-B484-46F2-B927-8E1E26354F8C}.Release|Any CPU.Build.0 = Release|Any CPU
	EndGlobalSection
	GlobalSection(SolutionProperties) = preSolution
		HideSolutionNode = FALSE
	EndGlobalSection
	GlobalSection(ExtensibilityGlobals) = postSolution
		SolutionGuid = {50B9DA0C-CF0A-4F73-82C4-7E7AC77D8CD5}
	EndGlobalSection
EndGlobal
